YªçŠx-®éÜj×¢ëiºÚ+Š§j[h‘éÜ¢éíóM4N‹Z–‹­¦ëeŠw¬Õì(€€‰¹…µ”ˆè€‰…¥¹•Ðµµ•‘¥„µ¡Õˆˆ°(€€‰Ù•ÉÍ¥½¸ˆè€ˆÀ¸ÄÔ¸Àˆ°(€€‰±½­™¥±•Y•ÉÍ¥½¸ˆè€Ì°(€€‰É•ÅÕ¥É•ÌˆèÑÉÕ”°(€€‰Á…­…•Ìˆèì(€€€€ˆˆèì(€€€€€€‰¹…µ”ˆè€‰…¥¹•Ðµµ•‘¥„µ¡Õˆˆ°(€€€€€€‰Ù•ÉÍ¥½¸ˆè€ˆÀ¸ÄÔ¸Àˆ°(€€€€€€‰‘•Á•¹‘•¹¥•Ìˆèì(€€€€€€€€‰½½­¥”µÁ…ÉÍ•Èˆè€ˆÄ¸Ð¸Üˆ°(€€€€€€€€‰•áÁÉ•ÍÌˆè€ˆÔ¸È¸Äˆ°(€€€€€€€€‰•áÁÉ•ÍÌµÉ…Ñ”µ±¥µ¥Ðˆè€ˆà¸Ø¸Èˆ°(€€€€€€€€‰¡•±µ•Ðˆè€ˆà¸Ì¸Àˆ°(€€€€€€€€‰µÕ±Ñ•Èˆè€ˆÈ¸Ì¸Àˆ°(€€€€€€€€‰½Á•¹¥µ±¥•¹Ðˆè€ˆØ¸à¸Ðˆ(€€€€€ô°(€€€€€€‰•¹¥¹•Ìˆèì(€€€€€€€€‰¹½‘”ˆè€ˆøôÈÈˆ(€€€€€ô(€€€ô°(€€€€‰¹½‘•}µ½‘Õ±•Ì½…•ÁÑÌˆèì(€€€€€€‰Ù•ÉÍ¥½¸ˆè€ˆÈ¸À¸Àˆ°(€€€€€€‰É•Í½±Ù•ˆè€‰¡ÑÑÁÌè¼½É•¥ÍÑÉä¹¹Áµ©Ì¹½Éœ½…•ÁÑÌ¼´½…•ÁÑÌ´È¸À¸À¹Ñèˆ°(€€€€€€‰¥¹Ñ•É¥Ñäˆè€‰Í¡„ÔÄÈ´ÕÙœÙÑ-Ý™‘µYÅdÅ]%¥a-ŒÍDÅ‰­IÅ1¤¬É\¼Ù…¼¬ÙdÝÔ½IÝIÕ¡é ÕÑ-±ÍéMÕQ1ieÕÅÅ¼Õ‰%µ©9-¹œôôˆ°(€€€€€€‰±¥•¹Í”ˆè€‰5%Pˆ°(€€€€€€‰‘•Á•¹‘•¹¥•Ìˆèì(€€€€€€€€‰µ¥µ”µÑåÁ•Ìˆè€‰xÌ¸À¸Àˆ°(€€€€€€€€‰¹•½Ñ¥…Ñ½Èˆè€‰xÄ¸À¸Àˆ(€€€€€ô°(€€€€€€‰•¹¥¹•Ìˆèì(€€€€€€€€‰¹½‘”ˆè€ˆøô€À¸Øˆ(€€€€€ô(€€€ô°(€€€€‰¹½‘•}µ½‘Õ±•Ì½…ÁÁ•¹µ™¥•±ˆèì(€€€€€€‰Ù•ÉÍ¥½¸ˆè€ˆÄ¸À¸Àˆ°(€€€€€€‰É•Í½±Ù•ˆè€‰¡ÑÑÁÌè¼½É•¥ÍÑÉä¹¹Áµ©Ì¹½Éœ½…ÁÁ•¹µ™¥•±¼´½…ÁÁ•¹µ™¥•±´Ä¸À¸À¹Ñèˆ°(€€€€€€‰¥¹Ñ•É¥Ñäˆè€‰Í¡„ÔÄÈµ­±ÁM]1\ÅiÌáÍÙ©™ˆÝœÑÅ]dÁeLÕ¥µ$àÉ‘Qœ­E…¡UÙ(áeÅdÁ@ÄÁU¬áÑQå åiÕei5…•)eÕ	Õ`ÔÔÉ¡ÍÜôôˆ°(€€€€€€‰±¥•¹Í”ˆè€‰5%Pˆ(€€€ô°(€€€€‰¹½‘•}µ½‘Õ±•Ì½‰½‘äµÁ…ÉÍ•Èˆèì(€€€€€€‰Ù•ÉÍ¥½¸ˆè€ˆÈ¸Ì¸Àˆ°(€€€€€€‰É•Í½±Ù•ˆè€‰¡ÑÑÁÌè¼½É•¥ÍÑÉä¹¹Áµ©Ì¹½Éœ½‰½‘äµÁ…ÉÍ•È¼´½‰½‘äµÁ…ÉÍ•È´È¸Ì¸À¹Ñèˆ°(€€€€€€‰¥¹Ñ•É¥Ñäˆè€‰Í¡„ÔÄÈ´Éµ)ÕÁ…9œ­EUÝY1ÕÕ]Õ½5hÙ`å¥!IÍÝhÕ±Í9eµÝA…I­¹5A1ièÀÝåQéYÄ¼àÍÀÑ¼½Ýé‰i‰	ÉQÙQ%Üôôˆ°(€€€€€€‰±¥•¹Í”ˆè€‰5%Pˆ°(€€€€€€‰‘•Á•¹‘•¹¥•Ìˆèì(€€€€€€€€‰‰åÑ•Ìˆè€‰xÌ¸Ä¸Èˆ°(€€€€€€€€‰½¹Ñ•¹ÐµÑåÁ”ˆè€‰xÈ¸À¸Àˆ°(€€€€€€€€‰‘•‰Õœˆè€‰xÐ¸Ð¸Ìˆ°(€€€€€€€€‰¡ÑÑÀµ•ÉÉ½ÉÌˆè€‰xÈ¸À¸Äˆ°(€€€€€€€€‰¥½¹Øµ±¥Ñ”ˆè€‰xÀ¸Ü¸Èˆ°(€€€€€€€€‰½¸µ™¥¹¥Í¡•ˆè€‰xÈ¸Ð¸Äˆ°(€€€€€€€€‰ÅÌˆè€‰xØ¸ÄÔ¸Èˆ°(€€€€€€€€‰É…Üµ‰½‘äˆè€‰xÌ¸À¸Èˆ°(€€€€€€€€‰ÑåÁ”µ¥Ìˆè€‰xÈ¸Ä¸Àˆ(€€€€€ô°(€€€€€€‰•¹¥¹•Ìˆèì(€€€€€€€€‰¹½‘”ˆè€ˆøôÄàˆ(€€€€€ô°(€€€€€€‰™Õ¹‘¥¹œˆèì(€€€€€€€€‰ÑåÁ”ˆè€‰½Á•¹½±±•Ñ¥Ù”ˆ°(€€€€€€€€‰ÕÉ°ˆè€‰¡ÑÑÁÌè¼½½Á•¹½±±•Ñ¥Ù”¹½´½•áÁÉ•ÍÌˆ(€€€€€ô(€€€ô°(€€€€‰¹½‘•}µ½‘Õ±•Ì½‰½‘äµÁ…ÉÍ•È½¹½‘•}µ½‘Õ±•Ì½½¹Ñ•¹ÐµÑåÁ”ˆèì(€€€€€€‰Ù•ÉÍ¥½¸ˆè€ˆÈ¸Ä¸Àˆ°(€€€€€€‰É•Í½±Ù•ˆè€‰¡ÑÑÁÌè¼½É•¥ÍÑÉä¹¹Áµ©Ì¹½Éœ½½¹Ñ•¹ÐµÑåÁ”¼´½½¹Ñ•¹ÐµÑåÁ”´È¸Ä¸À¹Ñèˆ°(€€€€€€‰¥¹Ñ•É¥Ñäˆè€‰Í¡„ÔÄÈµµ¨ÝUAaÁ©…Å…=ÍÕ­9iIU™¤É0Ý½ÙÝµÝ!XÁ<äÝ•<ÅÅÁá	iÕå©±iÉàÕÍ•Q…9	œÅTØ­¼ÌÕÝÁ„ÌÕE™Œ¬Ý…œôôˆ°(€€€€€€‰±¥•¹Í”ˆè€‰5%Pˆ°(€€€€€€‰•¹¥¹•Ìˆèì(€€€€€€€€‰¹½‘”ˆè€ˆøôÄàˆ(€€€€€ô°(€€€€€€‰™Õ¹‘¥¹œˆèì(€€€€€€€€‰ÑåÁ”ˆè€‰½Á•¹½±±•Ñ¥Ù”ˆ°(€€€€€€€€‰ÕÉ°ˆè€‰¡ÑÑÁÌè¼½½Á•¹½±±•Ñ¥Ù”¹½´½•áÁÉ•ÍÌˆ(€€€€€ô(€€€ô°(€€€€‰¹½‘•}µ½‘Õ±•Ì½‰Õ™™•Èµ™É½´ˆèì(€€€€€€‰Ù•ÉÍ¥½¸ˆè€ˆÄ¸Ä¸Èˆ°(€€€€€€‰É•Í½±Ù•ˆè€‰¡ÑÑÁÌè¼½É•¥ÍÑÉä¹¹Áµ©Ì¹½Éœ½‰Õ™™•Èµ™É½´¼´½‰Õ™™•Èµ™É½´´Ä¸Ä¸È¹Ñèˆ°(€€€€€€‰¥¹Ñ•É¥Ñäˆè€‰Í¡„ÔÄÈµ­aEIÝM‰……¥¡ÑØÙ¬ÙÝŒ­‰à­	ÌÙÙÕ-)!!°Õ­½à½	…-‰¡¥aéÅE=Ý,Ñ<ÈÉå±ÀÉ=µ©ÝY¡PÍ!µáåA¹)™Dôôˆ°(€€€€€€‰±¥•¹Í”ˆè€‰5%Pˆ(€€€ô°(€€€€‰¹½‘•}µ½‘Õ±•Ì½‰ÕÍ‰½äˆèì(€€€€€€‰Ù•ÉÍ¥½¸ˆè€ˆÄ¸Ø¸Àˆ°(€€€€€€‰É•Í½±Ù•ˆè€‰¡ÑÑÁÌè¼½É•¥ÍÑÉä¹¹Áµ©Ì¹½Éœ½‰ÕÍ‰½ä¼´½‰ÕÍ‰½ä´Ä¸Ø¸À¹Ñèˆ°(€€€€€€‰¥¹Ñ•É¥Ñäˆè€‰Í¡„ÔÄÈ´áME‰œ¼Á¡DåáäÍU9QÁe¹Í9	‰]™¡˜ÝIÑ¹éÁ0ÝQ­	¥Q	I™ÉDåá¹èÝY)Í±•)ÁåÀÙÉY1Ùa¥Õ=IÅ©±!¤ÕÄ­AeÕôôˆ°(€€€€€€‰‘•Á•¹‘•¹¥•Ìˆèì(€€€€€€€€‰ÍÑÉ•…µÍ•…É ˆè€‰xÄ¸Ä¸Àˆ(€€€€€ô°(€€€€€€‰•¹¥¹•Ìˆèì(€€€€€€€€‰¹½‘”ˆè€ˆøôÄÀ¸ÄØ¸Àˆ(€€€€€ô(€€€ô°(€€€€‰¹½‘•}µ½‘Õ±•Ì½‰åÑ•Ìˆèì(€€€€€€‰Ù•ÉÍ¥½¸ˆè€ˆÌ¸Ä¸Èˆ°(€€€€€€‰É•Í½±Ù•ˆè€‰¡ÑÑÁÌè¼½É•¥ÍÑÉä¹¹Áµ©Ì¹½Éœ½‰åÑ•Ì¼´½‰åÑ•Ì´Ì¸Ä¸È¹Ñèˆ°(€€€€€€‰¥¹Ñ•É¥Ñäˆè€‰Í¡„ÔÄÈ´½9˜ÝQåéQàÙLÍåI)=‰=XÜäÔÙÈáÈÈ­=¨áÕ‘ÐáÝM@Í	E½•`Ôá9½!åTá@áé­9aMÑ©QM¤Ù™é<ÙÁÁ	‘e‰œôôˆ°(€€€€€€‰±¥•¹Í”ˆè€‰5%Pˆ°(€€€€€€‰•¹¥¹•Ìˆèì(€€€€€€€€‰¹½‘”ˆè€ˆøô€À¸àˆ(€€€€€ô(€€€ô°(€€€€‰¹½‘•}µ½‘Õ±•Ì½…±°µ‰¥¹µ…ÁÁ±äµ¡•±Á•ÉÌˆèì(€€€€€€‰Ù•ÉÍ¥½¸ˆè€ˆÄ¸À¸Èˆ°(€€€€€€‰É•Í½±Ù•ˆè€‰¡ÑÑÁÌè¼½É•¥ÍÑÉä¹¹Áµ©Ì¹½Éœ½…±°µ‰¥¹µ…ÁÁ±äµ¡•±Á•ÉÌ¼´½…±°µ‰¥¹µ…ÁÁ±äµ¡•±Á•ÉÌ´Ä¸À¸È¹Ñèˆ°(€€€€€€‰¥¹Ñ•É¥Ñäˆè€‰Í¡„ÔÄÈµMÀÅ…‰±(Á¥Ù­Mé©…)‘áÕ¹8Ô½aÙ­Í(ÉÍ5	™ÄÙàÁÉå¡EX¼Éˆ½-Ý”ÈÅ5Áµ!ÑA=M¥¨á,ää½ÝM™½ÕQ=‰µÕ5Dôôˆ°(€€€€€€‰±¥•¹Í”ˆè€‰5%Pˆ°(€€€€€€‰‘•Á•¹‘•¹¥•Ìˆèì(€€€€€€€€‰•Ìµ•ÉÉ½ÉÌˆè€‰xÄ¸Ì¸Àˆ°(€€€€€€€€‰™Õ¹Ñ¥½¸µ‰¥¹ˆè€‰xÄ¸Ä¸Èˆ(€€€€€ô°(€€€€€€‰•¹¥¹•Ìˆèì(€€€€€€€€‰¹½‘”ˆè€ˆøô€À¸Ðˆ(€€€€€ô(€€€ô°(€€€€‰¹½‘•}µ½‘Õ±•Ì½…±°µ‰½Õ¹ˆèì(€€€€€€‰Ù•ÉÍ¥½¸ˆè€ˆÄ¸À¸Ðˆ°(€€€€€€‰É•Í½±Ù•ˆè€‰¡ÑÑÁÌè¼½É•¥ÍÑÉä¹¹Áµ©Ì¹½Éœ½…±°µ‰½Õ¹¼´½…±°µ‰½Õ¹´Ä¸À¸Ð¹Ñèˆ°(€€€€€€‰¥¹Ñ•É¥Ñäˆè€‰Í¡„ÔÄÈ´­åÌääÝTäÙÁ¼Ñ-à½	Á	Å¡åÕá)…E]EœÜÈäÕ Ñ¡	Á¡ØÍ%iœÁ‰½	-ÕÝeÁÐÑeaÀÙ5hÕµiE¹T½Ñå5Q±IÁ…M•©œôôˆ°(€€€€€€‰±¥•¹Í”ˆè€‰5%Pˆ°(€€€€€€‰‘•Á•¹‘•¹¥•Ìˆèì(€€€€€€€€‰…±°µ‰¥¹µ…ÁÁ±äµ¡•±Á•ÉÌˆè€‰xÄ¸À¸Èˆ°(€€€€€€€€‰•Ðµ¥¹ÑÉ¥¹Í¥Œˆè€‰xÄ¸Ì¸Àˆ(€€€€€ô°(€€€€€€‰•¹¥¹•Ìˆèì(€€€€€€€€‰¹½‘”ˆè€ˆøô€À¸Ðˆ(€€€€€ô°(€€€€€€‰™Õ¹‘¥¹œˆèì(€€€€€€€€‰ÕÉ°ˆè€‰¡ÑÑÁÌè¼½¥Ñ¡Õˆ¹½´½ÍÁ½¹Í½ÉÌ½±©¡…Éˆˆ(€€€€€ô(€€€ô°(€€€€‰¹½‘•}µ½‘Õ±•Ì½½¹…ÐµÍÑÉ•…´ˆèì(€€€€€€‰Ù•ÉÍ¥½¸ˆè€ˆÈ¸À¸Àˆ°(€€€€€€‰É•Í½±Ù•ˆè€‰¡ÑÑÁÌè¼½É•¥ÍÑÉä¹¹Áµ©Ì¹½Éœ½½¹…ÐµÍÑÉ•…´¼´½½¹…ÐµÍÑÉ•…´´È¸À¸À¹Ñèˆ°(€€€€€€‰¥¹Ñ•É¥Ñäˆè€‰Í¡„ÔÄÈµ5]Õ™e‘ÜÔÍ©­=°Ýa)eÁ±\Ø½ÁÉM5éÕA=QI¹)éÕ¡1¸ÑMÉèÝÅ˜Ù¼á‰I=hÔÄÑ±Ñ…é%)i•Ù™‰¼ÁàÝôôˆ°(€€€€€€‰•¹¥¹•Ìˆèl(€€€€€€€€‰¹½‘”€øô€Ø¸Àˆ(€€€€€t°(€€€€€€‰±¥•¹Í”ˆè€‰5%Pˆ°(€€€€€€‰‘•Á•¹‘•¹¥•Ìˆèì(€€€€€€€€‰‰Õ™™•Èµ™É½´ˆè€‰xÄ¸À¸Àˆ°(€€€€€€€€‰¥¹¡•É¥ÑÌˆè€‰xÈ¸À¸Ìˆ°(€€€€€€€€‰É•…‘…‰±”µÍÑÉ•…´ˆè€‰xÌ¸À¸Èˆ°(€€€€€€€€‰ÑåÁ•‘…ÉÉ…äˆè€‰xÀ¸À¸Øˆ(€€€€€ô(€€€ô°(€€€€‰¹½‘•}µ½‘Õ±•Ì½½¹Ñ•¹Ðµ‘¥ÍÁ½Í¥Ñ¥½¸ˆèì(€€€€€€‰Ù•ÉÍ¥½¸ˆè€ˆÄ¸Ä¸Àˆ°(€€€€€€‰É•Í½±Ù•ˆè€‰¡ÑÑÁÌè¼½É•¥ÍÑÉä¹¹Áµ©Ì¹½Éœ½½¹Ñ•¹Ðµ‘¥ÍÁ½Í¥Ñ¥½¸¼´½½¹Ñ•¹Ðµ‘¥ÍÁ½Í¥Ñ¥½¸´Ä¸Ä¸À¹Ñèˆ°(€€€€€€‰¥¹Ñ•É¥Ñäˆè€‰Í¡„ÔÄÈ´Õ©I åh¼­I@ÝÉ­ÙdàÍ­å%`äÙ=e‘)µé¹Å¹ÜÉM	MáÅAÁÜÉ­´ÍÌÕ¥…ÝÁ`á­É¹ÝMµÁ\Õ9¡ÈÁ!™…¤Íœôôˆ°(€€€€€€‰±¥•¹Í”ˆè€‰5%Pˆ°(€€€€€€‰•¹¥¹•Ìˆèì(€€€€€€€€‰¹½‘”ˆè€ˆøôÄàˆ(€€€€€ô°(€€€€€€‰™Õ¹‘¥¹œˆèì(€€€€€€€€‰ÑåÁ”ˆè€‰½Á•¹½±±•Ñ¥Ù”ˆ°(€€€€€€€€‰ÕÉ°ˆè€‰¡ÑÑÁÌè¼½½Á•¹½±±•Ñ¥Ù”¹½´½•áÁÉ•ÍÌˆ(€€€€€ô(€€€ô°(€€€€‰¹½‘•}µ½‘Õ±•Ì½½¹Ñ•¹ÐµÑåÁ”ˆèì(€€€€€€‰Ù•ÉÍ¥½¸ˆè€ˆÄ¸À¸Ôˆ°(€€€€€€‰É•Í½±Ù•ˆè€‰¡ÑÑÁÌè¼½É•¥ÍÑÉä¹¹Áµ©Ì¹½Éœ½½¹Ñ•¹ÐµÑåÁ”¼´½½¹Ñ•¹ÐµÑåÁ”´Ä¸À¸Ô¹Ñèˆ°(€€€€€€‰¥¹Ñ•É¥Ñäˆè€‰Í¡„ÔÄÈµ¹Q©Å™	¥Á-‘aØÑeE]™µ1i-´àÅ±‘ÁÁ½ÁQÙåÉY‰HÙ@½YÕÝ8¬ÁÑQÈáEÅ¥TÁÑ…‘Ù,Ñ9Ñ)Ý=ôôˆ°(€€€€€€‰±¥•¹Í”ˆè€‰5%Pˆ°(€€€€€€‰•¹¥¹•Ìˆèì(€€€€€€€€‰¹½‘”ˆè€ˆøô€À¸Øˆ(€€€€€ô(€€€ô°(€€€€‰¹½‘•}µ½‘Õ±•Ì½½½­¥”ˆèì(€€€€€€‰Ù•ÉÍ¥½¸ˆè€ˆÀ¸Ü¸Èˆ°(€€€€€€‰É•Í½±Ù•ˆè€‰¡ÑÑÁÌè¼½É•¥ÍÑÉä¹¹Áµ©Ì¹½Éœ½½½­¥”¼´½½½­¥”´À¸Ü¸È¹Ñèˆ°(€€€€€€‰¥¹Ñ•É¥Ñäˆè€‰Í¡„ÔÄÈµå­¤Õa¹-Õ˜ÜÔÁ°ÔÁÕQ±±ÐÙ­-%1dÑ¹DÅ•9%E…Ñ½a	åhÕ‘]¹-Å‰¹ÅµQÉ	ÕÑ8Ý±É5)-DÉåÑ]5¥Q<É¼ÁØÙÜ½Üôôˆ°(€€€€€€‰±¥•¹Í”ˆè€‰5%Pˆ°(€€€€€€‰•¹¥¹•Ìˆèì(€€€€€€€€‰¹½‘”ˆè€ˆøô€À¸Øˆ(€€€€€ô(€€€ô°(€€€€‰¹½‘•}µ½‘Õ±•Ì½½½­¥”µÁ…ÉÍ•Èˆèì(€€€€€€‰Ù•ÉÍ¥½¸ˆè€ˆÄ¸Ð¸Üˆ°(€€€€€€‰É•Í½±Ù•ˆè€‰¡ÑÑÁÌè¼½É•¥ÍÑÉä¹¹Áµ©Ì¹½Éœ½½½­¥”µÁ…ÉÍ•È¼´½½½­¥”µÁ…ÉÍ•È´Ä¸Ð¸Ü¹Ñèˆ°(€€€€€€‰¥¹Ñ•É¥Ñäˆè€‰Í¡„ÔÄÈµ¹UÙa¹½Ñ@Í	Í©¥1`ÉåÁ‰E¹]½UA%%™!E9i­­ØØá¹ÑÉé]iY\ÜÁ!ÅÅ¹95¥A©”ÙÑÑ±%é¼ÔÅeMÝ9EÜôôˆ°(€€€€€€‰±¥•¹Í”ˆè€‰5%Pˆ°(€€€€€€‰‘•Á•¹‘•¹¥•Ìˆèì(€€€€€€€€‰½½­¥”ˆè€ˆÀ¸Ü¸Èˆ°(€€€€€€€€‰½½­¥”µÍ¥¹…ÑÕÉ”ˆè€ˆÄ¸À¸Øˆ(€€€€€ô°(€€€€€€‰•¹¥¹•Ìˆèì(€€€€€€€€‰¹½‘”ˆè€ˆøô€À¸à¸Àˆ(€€€€€ô(€€€ô°(€€€€‰¹½‘•}µ½‘Õ±•Ì½½½­¥”µÍ¥¹…ÑÕÉ”ˆèì(€€€€€€‰Ù•ÉÍ¥½¸ˆè€ˆÄ¸À¸Øˆ°(€€€€€€‰É•Í½±Ù•ˆè€‰¡ÑÑÁÌè¼½É•¥ÍÑÉä¹¹Áµ©Ì¹½Éœ½½½­¥”µÍ¥¹…ÑÕÉ”¼´½½½­¥”µÍ¥¹…ÑÕÉ”´Ä¸À¸Ø¹Ñèˆ°(€€€€€€‰¥¹Ñ•É¥Ñäˆè€‰Í¡„ÔÄÈµEé±…!Œá¥Xá$ÝÙ‰…)a)Ý½å!]eÀáÕÅ˜Åá„Ñ=™9ÔÅPÝ)YáE%ÉU=]Ñ!‘9ÑA¥åÝµ‰¥LÄÉY©½Ñ%a1É-4Í½ÉDôôˆ°(€€€€€€‰±¥•¹Í”ˆè€‰5%Pˆ(€€€ô°(€€€€‰¹½‘•}µ½‘Õ±•Ì½‘•‰Õœˆèì(€€€€€€‰Ù•ÉÍ¥½¸ˆè€ˆÐ¸Ð¸Ìˆ°(€€€€€€‰É•Í½±Ù•ˆè€‰¡ÑÑÁÌè¼½É•¥ÍÑÉä¹¹Áµ©Ì¹½Éœ½‘•‰Õœ¼´½‘•‰Õœ´Ð¸Ð¸Ì¹Ñèˆ°(€€€€€€‰¥¹Ñ•É¥Ñäˆè€‰Í¡„ÔÄÈµIÝÝ]¹ÝEÙ­Y™…Ù-YÐÈÉ1Ü­áeM‘éIÝ´ÁÉÔÙ¡QYÍÕµTÕ¡iŒÈáXÍ­<ÑÍÑeÉåÉQ±1ÁÕÙ$å¥¥©±Ñ©9‰Åôôˆ°(€€€€€€‰±¥•¹Í”ˆè€‰5%Pˆ°(€€€€€€‰‘•Á•¹‘•¹¥•Ìˆèì(€€€€€€€€‰µÌˆè€‰xÈ¸Ä¸Ìˆ(€€€€€ô°(€€€€€€‰•¹¥¹•Ìˆèì(€€€€€€€€‰¹½‘”ˆè€ˆøôØ¸Àˆ(€€€€€ô°(€€€€€€‰Á••É•Á•¹‘•¹¥•Í5•Ñ„ˆèì(€€€€€€€€‰ÍÕÁÁ½ÉÑÌµ½±½Èˆèì(€€€€€€€€€€‰½ÁÑ¥½¹…°ˆèÑÉÕ”(€€€€€€€ô(€€€€€ô(€€€ô°(€€€€‰¹½‘•}µ½‘Õ±•Ì½‘•Áˆèì(€€€€€€‰Ù•ÉÍ¥½¸ˆè€ˆÈ¸À¸Àˆ°(€€€€€€‰É•Í½±Ù•ˆè€‰¡ÑÑÁÌè¼½É•¥ÍÑÉä¹¹Áµ©Ì¹½Éœ½‘•Á¼´½‘•Á´È¸À¸À¹Ñèˆ°(€€€€€€‰¥¹Ñ•É¥Ñäˆè€‰Í¡„ÔÄÈµœÝ¹ Ù@Ù‘å¥½)½ÁÉÁÑY%µ)¡ÁA¬½É½é‘ˆÍ™% ØÄ½Ì½¹AÍ™HÙ½¹å5Ý­H½=±Íå	Á±MÙU½EÍÍ%ÉÜôôˆ°(€€€€€€‰±¥•¹Í”ˆè€‰5%Pˆ°(€€€€€€‰•¹¥¹•Ìˆèì(€€€€€€€€‰¹½‘”ˆè€ˆøô€À¸àˆ(€€€€€ô(€€€ô°(€€€€‰¹½‘•}µ½‘Õ±•Ì½‘Õ¹‘•ÈµÁÉ½Ñ¼ˆèì(€€€€€€‰Ù•ÉÍ¥½¸ˆè€ˆÄ¸À¸Äˆ°(€€€€€€‰É•Í½±Ù•ˆè€‰¡ÑÑÁÌè¼½É•¥ÍÑÉä¹¹Áµ©Ì¹½Éœ½‘Õ¹‘•ÈµÁÉ½Ñ¼¼´½‘Õ¹‘•ÈµÁÉ½Ñ¼´Ä¸À¸Ä¹Ñèˆ°(€€€€€€‰¥¹Ñ•É¥Ñäˆè€‰Í¡„ÔÄÈµ-%8½¹)	EIaÜÁ51Y¡iå¥E!µØáÅY%	œåÅµUe©µE%¡¥¨åTÕ5ÙÉÅ­U0Õ‰ÑååéiÕ=•=ÐÁé‘•I”ÑUdÝÐ­ôôˆ°(€€€€€€‰±¥•¹Í”ˆè€‰5%Pˆ°(€€€€€€‰‘•Á•¹‘•¹¥•Ìˆèì(€€€€€€€€‰…±°µ‰¥¹µ…ÁÁ±äµ¡•±Á•ÉÌˆè€‰xÄ¸À¸Äˆ°(€€€€€€€€‰•Ìµ•ÉÉ½ÉÌˆè€‰xÄ¸Ì¸Àˆ°(€€€€€€€€‰½Áˆè€‰xÄ¸È¸Àˆ(€€€€€ô°(€€€€€€‰•¹¥¹•Ìˆèì(€€€€€€€€‰¹½‘”ˆè€ˆøô€À¸Ðˆ(€€€€€ô(€€€ô°(€€€€‰¹½‘•}µ½‘Õ±•Ì½•”µ™¥ÉÍÐˆèì(€€€€€€‰Ù•ÉÍ¥½¸ˆè€ˆÄ¸Ä¸Äˆ°(€€€€€€‰É•Í½±Ù•ˆè€‰¡ÑÑÁÌè¼½É•¥ÍÑÉä¹¹Áµ©Ì¹½Éœ½•”µ™¥ÉÍÐ¼´½•”µ™¥ÉÍÐ´Ä¸Ä¸Ä¹Ñèˆ°(€€€€€€‰¥¹Ñ•É¥Ñäˆè€‰Í¡„ÔÄÈµ]5Ý´å1¡IU¼­]U…I8­ÙIÕQÅàå%iÁ¡YM9­‘•ˆÙÍL½Ñ=É%8ÝÐÐá•ÝM!aŒÙá±•™á--™ÈÕÙdØÅ‰ÉE±½Üôôˆ°(€€€€€€‰±¥•¹Í”ˆè€‰5%Pˆ(€€€ô°(€€€€‰¹½‘•}µ½‘Õ±•Ì½•¹½‘•ÕÉ°ˆèì(€€€€€€‰Ù•ÉÍ¥½¸ˆè€ˆÈ¸À¸Àˆ°(€€€€€€‰É•Í½±Ù•ˆè€‰¡ÑÑÁÌè¼½É•¥ÍÑÉä¹¹Áµ©Ì¹½Éœ½•¹½‘•ÕÉ°¼´½•¹½‘•ÕÉ°´È¸À¸À¹Ñèˆ°(€€€€€€‰¥¹Ñ•É¥Ñäˆè€‰Í¡„ÔÄÈµDÁ¸å!I¤Ñ´Ù)Õ%XÅ•±µÙ)ÝiYáÔäÍ%É5å¥5ÍÁ±É5)5]éIàÙ]ÅÕå™EiYˆÌÅÙ¡a¹™µA99aµá¹=­I	Éœôôˆ°(€€€€€€‰±¥•¹Í”ˆè€‰5%Pˆ°(€€€€€€‰•¹¥¹•Ìˆèì(€€€€€€€€‰¹½‘”ˆè€ˆøô€À¸àˆ(€€€€€ô(€€€ô°(€€€€‰¹½‘•}µ½‘Õ±•Ì½•Ìµ‘•™¥¹”µÁÉ½Á•ÉÑäˆèì(€€€€€€‰Ù•ÉÍ¥½¸ˆè€ˆÄ¸À¸Äˆ°(€€€€€€‰É•Í½±Ù•ˆè€‰¡ÑÑÁÌè¼½É•¥ÍÑÉä¹¹Áµ©Ì¹½Éœ½•Ìµ‘•™¥¹”µÁÉ½Á•ÉÑä¼´½•Ìµ‘•™¥¹”µÁÉ½Á•ÉÑä´Ä¸À¸Ä¹Ñèˆ°(€€€€€€‰¥¹Ñ•É¥Ñäˆè€‰Í¡„ÔÄÈµ”Í¹I™™UhÑÉ90ÈÌÉU`ÀÙE9åå•èÀÑ-‘©É­1QI½=aµÉ=-œÑ	‘Í©\á¹PØå•Å‘eµIÁ)Ý¥AYe9É…\Íœôôˆ°(€€€€€€‰±¥•¹Í”ˆè€‰5%Pˆ°(€€€€€€‰•¹¥¹•Ìˆèì(€€€€€€€€‰¹½‘”ˆè€ˆøô€À¸Ðˆ(€€€€€ô(€€€ô°(€€€€‰¹½‘•}µ½‘Õ±•Ì½•Ìµ•ÉÉ½ÉÌˆèì(€€€€€€‰Ù•ÉÍ¥½¸ˆè€ˆÄ¸Ì¸Àˆ°(€€€€€€‰É•Í½±Ù•ˆè€‰¡ÑÑÁÌè¼½É•¥ÍÑÉä¹¹Áµ©Ì¹½Éœ½•Ìµ•ÉÉ½ÉÌ¼´½•Ìµ•ÉÉ½ÉÌ´Ä¸Ì¸À¹Ñèˆ°(€€€€€€‰¥¹Ñ•É¥Ñäˆè€‰Í¡„ÔÄÈµi˜Õ É-áÐÉá©QÙ‰)Ù@Éi]1%áÙ¨­¡µ5é%±åÁäÑá	œÅÙ-Y¹ààå]äÁ‰L­­˜ÕÝYé‘ ÉaM9U1LÙÍÜôôˆ°(€€€€€€‰±¥•¹Í”ˆè€‰5%Pˆ°(€€€€€€‰•¹¥¹•Ìˆèì(€€€€€€€€‰¹½‘”ˆè€ˆøô€À¸Ðˆ(€€€€€ô(€€€ô°(€€€€‰¹½‘•}µ½‘Õ±•Ì½•Ìµ½‰©•Ðµ…Ñ½µÌˆèì(€€€€€€‰Ù•ÉÍ¥½¸ˆè€ˆÄ¸Ä¸Èˆ°(€€€€€€‰É•Í½±Ù•ˆè€‰¡ÑÑÁÌè¼½É•¥ÍÑÉä¹¹Áµ©Ì¹½Éœ½•Ìµ½‰©•Ðµ…Ñ½µÌ¼´½•Ìµ½‰©•Ðµ…Ñ½µÌ´Ä¸Ä¸È¹Ñèˆ°(€€€€€€‰¥¹Ñ•É¥Ñäˆè€‰Í¡„ÔÄÈµ!]	½8Ù9¥±•ÅÑMå‘,ÉÅ!‰L½1½ÉÁÅÉ¹E!1å)é	¨Ñ­=À½­äÉ5]58ØäÑá=™­,à½M¹UÍ\É Ý™åY±å‘-Í´ÅiÜôôˆ°(€€€€€€‰±¥•¹Í”ˆè€‰5%Pˆ°(€€€€€€‰‘•Á•¹‘•¹¥•Ìˆèì(€€€€€€€€‰•Ìµ•ÉÉ½ÉÌˆè€‰xÄ¸Ì¸Àˆ(€€€€€ô°(€€€€€€‰•¹¥¹•Ìˆèì(€€€€€€€€‰¹½‘”ˆè€ˆøô€À¸Ðˆ(€€€€€ô(€€€ô°(€€€€‰¹½‘•}µ½‘Õ±•Ì½•Í…Á”µ¡Ñµ°ˆèì(€€€€€€‰Ù•ÉÍ¥½¸ˆè€ˆÄ¸À¸Ìˆ°(€€€€€€‰É•Í½±Ù•ˆè€‰¡ÑÑÁÌè¼½É•¥ÍÑÉä¹¹Áµ©Ì¹½Éœ½•Í…Á”µ¡Ñµ°¼´½•Í…Á”µ¡Ñµ°´Ä¸À¸Ì¹Ñèˆ°(€€€€€€‰¥¹Ñ•É¥Ñäˆè€‰Í¡„ÔÄÈµ9¥MÕÁhÑ=•ÕÝÈØá±%•å´½­Í%i5)½‘U=Mh½M¹QáÉ•­‰ÙÅÉ‘Uá±)=5Á¥©…-iY©)É]ÉÌ¼Ù)äá=5Õå¨å½Üôôˆ°(€€€€€€‰±¥•¹Í”ˆè€‰5%Pˆ(€€€ô°(€€€€‰¹½‘•}µ½‘Õ±•Ì½•Ñ…œˆèì(€€€€€€‰Ù•ÉÍ¥½¸ˆè€ˆÄ¸à¸Äˆ°(€€€€€€‰É•Í½±Ù•ˆè€‰¡ÑÑÁÌè¼½É•¥ÍÑÉä¹¹Áµ©Ì¹½Éœ½•Ñ…œ¼´½•Ñ…œ´Ä¸à¸Ä¹Ñèˆ°(€€€€€€‰¥¹Ñ•É¥Ñäˆè€‰Í¡„ÔÄÈµ…%0ÕàÝµ…ÝY„ÌÀÁ…°É	¹Ñ¥9Ù¼ÅÅQá1ÉA$½¼ÀÕ0ÝèÙ¼Ý™ÜÅ(ÙEµ‰,Ñµ(ÉLÝ­Y½-i]Õ™	™‘±5Aœôôˆ°(€€€€€€‰±¥•¹Í”ˆè€‰5%Pˆ°(€€€€€€‰•¹¥¹•Ìˆèì(€€€€€€€€‰¹½‘”ˆè€ˆø÷]4ÒÚ$z{-®éÜj×encollective.com/express"
      }
    },
    "node_modules/forwarded": {
      "version": "0.2.0",
      "resolved": "https://registry.npmjs.org/forwarded/-/forwarded-0.2.0.tgz",
      "integrity": "sha512-buRG0fpBtRHSTCOASe6hD258tEubFoRLb4ZNA6NxMVHNw2gOcwHo9wyablzMzOA5z9xA9L1KNjk/Nt6MT9aYow==",
      "license": "MIT",
      "engines": {
        "node": ">= 0.6"
      }
    },
    "node_modules/fresh": {
      "version": "2.0.0",
      "resolved": "https://registry.npmjs.org/fresh/-/fresh-2.0.0.tgz",
      "integrity": "sha512-Rx/WycZ60HOaqLKAi6cHRKKI7zxWbJ31MhntmtwMoaTeF7XFH9hhBp8vITaMidfljRQ6eYWCKkaTK+ykVJHP2A==",
      "license": "MIT",
      "engines": {
        "node": ">= 0.8"
      }
    },
    "node_modules/function-bind": {
      "version": "1.1.2",
      "resolved": "https://registry.npmjs.org/function-bind/-/function-bind-1.1.2.tgz",
      "integrity": "sha512-7XHNxH7qX9xG5mIwxkhumTox/MIRNcOgDrxWsMt2pAr23WHp6MrRlN7FBSFpCpr+oVO0F744iUgR82nJMfG2SA==",
      "license": "MIT",
      "funding": {
        "url": "https://github.com/sponsors/ljharb"
      }
    },
    "node_modules/get-intrinsic": {
      "version": "1.3.0",
      "resolved": "https://registry.npmjs.org/get-intrinsic/-/get-intrinsic-1.3.0.tgz",
      "integrity": "sha512-9fSjSaos/fRIVIp+xSJlE6lfwhES7LNtKaCBIamHsjr2na1BiABJPo0mOjjz8GJDURarmCPGqaiVg5mfjb98CQ==",
      "license": "MIT",
      "dependencies": {
        "call-bind-apply-helpers": "^1.0.2",
        "es-define-property": "^1.0.1",
        "es-errors": "^1.3.0",
        "es-object-atoms": "^1.1.1",
        "function-bind": "^1.1.2",
        "get-proto": "^1.0.1",
        "gopd": "^1.2.0",
        "has-symbols": "^1.1.0",
        "hasown": "^2.0.2",
        "math-intrinsics": "^1.1.0"
      },
      "engines": {
        "node": ">= 0.4"
      },
      "funding": {
        "url": "https://github.com/sponsors/ljharb"
      }
    },
    "node_modules/get-proto": {
      "version": "1.0.1",
      "resolved": "https://registry.npmjs.org/get-proto/-/get-proto-1.0.1.tgz",
      "integrity": "sha512-sTSfBjoXBp89JvIKIefqw7U2CCebsc74kiY6awiGogKtoSGbgjYE/G/+l9sF3MWFPNc9IcoOC4ODfKHfxFmp0g==",
      "license": "MIT",
      "dependencies": {
        "dunder-proto": "^1.0.1",
        "es-object-atoms": "^1.0.0"
      },
      "engines": {
        "node": ">= 0.4"
      }
    },
    "node_modules/gopd": {
      "version": "1.2.0",
      "resolved": "https://registry.npmjs.org/gopd/-/gopd-1.2.0.tgz",
      "integrity": "sha512-ZUKRh6/kUFoAiTAtTYPZJ3hw9wNxx+BIBOijnlG9PnrJsCcSjs1wyyD6vJpaYtgnzDrKYRSqf3OO6Rfa93xsRg==",
      "license": "MIT",
      "engines": {
        "node": ">= 0.4"
      },
      "funding": {
        "url": "https://github.com/sponsors/ljharb"
      }
    },
    "node_modules/has-symbols": {
      "version": "1.1.0",
      "resolved": "https://registry.npmjs.org/has-symbols/-/has-symbols-1.1.0.tgz",
      "integrity": "sha512-1cDNdwJ2Jaohmb3sg4OmKaMBwuC48sYni5HUw2DvsC8LjGTLK9h+eb1X6RyuOHe4hT0ULCW68iomhjUoKUqlPQ==",
      "license": "MIT",
      "engines": {
        "node": ">= 0.4"
      },
      "funding": {
        "url": "https://github.com/sponsors/ljharb"
      }
    },
    "node_modules/hasown": {
      "version": "2.0.4",
      "resolved": "https://registry.npmjs.org/hasown/-/hasown-2.0.4.tgz",
      "integrity": "sha512-T2UbfbBEF32wiepXIsMlTW9+dDYC6wMh/t/vYA4tuOMKqWz/n3vr1NFSxQiyP+zk2mXsoMA/i/7qV6LKut1t1A==",
      "license": "MIT",
      "dependencies": {
        "function-bind": "^1.1.2"
      },
      "engines": {
        "node": ">= 0.4"
      }
    },
    "node_modules/helmet": {
      "version": "8.3.0",
      "resolved": "https://registry.npmjs.org/helmet/-/helmet-8.3.0.tgz",
      "integrity": "sha512-Qgpiaws3Sm30Av8Eah6sjMCZZwjlBu+E68rhpCWBshY1lb09HtLwj5GviX0OyQIn+ulUS0iX0AxN5n3tLZzz1w==",
      "license": "MIT",
      "engines": {
        "node": ">=18.0.0"
      },
      "funding": {
        "url": "https://github.com/sponsors/EvanHahn"
      }
    },
    "node_modules/http-errors": {
      "version": "2.0.1",
      "resolved": "https://registry.npmjs.org/http-errors/-/http-errors-2.0.1.tgz",
      "integrity": "sha512-4FbRdAX+bSdmo4AUFuS0WNiPz8NgFt+r8ThgNWmlrjQjt1Q7ZR9+zTlce2859x4KSXrwIsaeTqDoKQmtP8pLmQ==",
      "license": "MIT",
      "dependencies": {
        "depd": "~2.0.0",
        "inherits": "~2.0.4",
        "setprototypeof": "~1.2.0",
        "statuses": "~2.0.2",
        "toidentifier": "~1.0.1"
      },
      "engines": {
        "node": ">= 0.8"
      },
      "funding": {
        "type": "opencollective",
        "url": "https://opencollective.com/express"
      }
    },
    "node_modules/iconv-lite": {
      "version": "0.7.3",
      "resolved": "https://registry.npmjs.org/iconv-lite/-/iconv-lite-0.7.3.tgz",
      "integrity": "sha512-IKXpvIzjnC9XTAUbVBcMfGS0EPaIXtW6v+zr+RRp+hqULEpo0owZax6wyRwPOJbWbzjYspQwusTsfVr0ifh4uQ==",
      "license": "MIT",
      "dependencies": {
        "safer-buffer": ">= 2.1.2 < 3.0.0"
      },
      "engines": {
        "node": ">=0.10.0"
      },
      "funding": {
        "type": "opencollective",
        "url": "https://opencollective.com/express"
      }
    },
    "node_modules/inherits": {
      "version": "2.0.4",
      "resolved": "https://registry.npmjs.org/inherits/-/inherits-2.0.4.tgz",
      "integrity": "sha512-k/vGaX4/Yla3WzyMCvTQOXYeIHvqOKtnqBduzTHpzpQZzAskKMhZ2K+EnBiSM9zGSoIFeMpXKxa4dYeZIQqewQ==",
      "license": "ISC"
    },
    "node_modules/ip-address": {
      "version": "10.7.0",
      "resolved": "https://registry.npmjs.org/ip-address/-/ip-address-10.7.0.tgz",
      "integrity": "sha512-BGFsyJd5mpXp3rK6jIdADLNgpJUK1jnjzvYF8lK+VyDab9JAmqN0YOKDdP17HlgKb2+ehPgDc8EtnRLbGCAMhA==",
      "license": "MIT",
      "engines": {
        "node": ">= 12"
      }
    },
    "node_modules/ipaddr.js": {
      "version": "1.9.1",
      "resolved": "https://registry.npmjs.org/ipaddr.js/-/ipaddr.js-1.9.1.tgz",
      "integrity": "sha512-0KI/607xoxSToH7GjN1FfSbLoU0+btTicjsQSWQlh/hZykN8KpmMf7uYwPW3R+akZ6R/w18ZlXSHBYXiYUPO3g==",
      "license": "MIT",
      "engines": {
        "node": ">= 0.10"
      }
    },
    "node_modules/is-promise": {
      "version": "4.0.0",
      "resolved": "https://registry.npmjs.org/is-promise/-/is-promise-4.0.0.tgz",
      "integrity": "sha512-hvpoI6korhJMnej285dSg6nu1+e6uxs7zG3BYAm5byqDsgJNWwxzM6z6iZiAgQR4TJ30JmBTOwqZUw3WlyH3AQ==",
      "license": "MIT"
    },
    "node_modules/jose": {
      "version": "6.2.12",
      "resolved": "https://registry.npmjs.org/jose/-/jose-6.2.12.tgz",
      "integrity": "sha512-9NiFmJEex0sy2Dk58j2UGBSHgUs2ypF9eZSu4L6vjOX3Dp96Sw1F3uL+H+D1sx02jZZdzUT0HgvCy59CuvXcWw==",
      "license": "MIT",
      "funding": {
        "url": "https://github.com/sponsors/panva"
      }
    },
    "node_modules/math-intrinsics": {
      "version": "1.1.0",
      "resolved": "https://registry.npmjs.org/math-intrinsics/-/math-intrinsics-1.1.0.tgz",
      "integrity": "sha512-/IXtbwEk5HTPyEwyKX6hGkYXxM9nbj64B+ilVJnC/R6B0pH5G4V3b0pVbL7DBj4tkhBAppbQUlf6F6Xl9LHu1g==",
      "license": "MIT",
      "engines": {
        "node": ">= 0.4"
      }
    },
    "node_modules/media-typer": {
      "version": "1.1.1",
      "resolved": "https://registry.npmjs.org/media-typer/-/media-typer-1.1.1.tgz",
      "integrity": "sha512-yz3xRaG20c6/BOzvYoDaGtPmGscs7YivItZEEqe6GbwNfHuxu9YNmvnEkMzKldAGY4/80pRcQRZSEnhquk9XuQ==",
      "license": "MIT",
      "engines": {
        "node": ">= 0.8"
      },
      "funding": {
        "type": "opencollective",
        "url": "https://opencollective.com/express"
      }
    },
    "node_modules/merge-descriptors": {
      "version": "2.0.0",
      "resolved": "https://registry.npmjs.org/merge-descriptors/-/merge-descriptors-2.0.0.tgz",
      "integrity": "sha512-Snk314V5ayFLhp3fkUREub6WtjBfPdCPY1Ln8/8munuLuiYhsABgBVWsozAG+MWMbVEvcdcpbi9R7ww22l9Q3g==",
      "license": "MIT",
      "engines": {
        "node": ">=18"
      },
      "funding": {
        "url": "https://github.com/sponsors/sindresorhus"
      }
    },
    "node_modules/mime-db": {
      "version": "1.54.0",
      "resolved": "https://registry.npmjs.org/mime-db/-/mime-db-1.54.0.tgz",
      "integrity": "sha512-aU5EJuIN2WDemCcAp2vFBfp/m4EAhWJnUNSSw0ixs7/kXbd6Pg64EmwJkNdFhB8aWt1sH2CTXrLxo/iAGV3oPQ==",
      "license": "MIT",
      "engines": {
        "node": ">= 0.6"
      }
    },
    "node_modules/mime-types": {
      "version": "3.0.2",
      "resolved": "https://registry.npmjs.org/mime-types/-/mime-types-3.0.2.tgz",
      "integrity": "sha512-Lbgzdk0h4juoQ9fCKXW4by0UJqj+nOOrI9MJ1sSj4nI8aI2eo1qmvQEie4VD1glsS250n15LsWsYtCugiStS5A==",
      "license": "MIT",
      "dependencies": {
        "mime-db": "^1.54.0"
      },
      "engines": {
        "node": ">=18"
      },
      "funding": {
        "type": "opencollective",
        "url": "https://opencollective.com/express"
      }
    },
    "node_modules/ms": {
      "version": "2.1.3",
      "resolved": "https://registry.npmjs.org/ms/-/ms-2.1.3.tgz",
      "integrity": "sha512-6FlzubTLZG3J2a/NVCAleEhjzq5oxgHyaCU9yYXvcLsvoVaHJq/s5xXI6/XXP6tz7R9xAOtHnSO/tXtF3WRTlA==",
      "license": "MIT"
    },
    "node_modules/multer": {
      "version": "2.3.0",
      "resolved": "https://registry.npmjs.org/multer/-/multer-2.3.0.tgz",
      "integrity": "sha512-cjNbm3sttszgZeGfJR124D+jFEfkXCVAsoPBmFn9X7UxmDSFHWqE2CoEj0vrmSpuAFnqWR1Szcm9QTsiHr60Xw==",
      "license": "MIT",
      "dependencies": {
        "append-field": "^1.0.0",
        "busboy": "^1.6.0",
        "concat-stream": "^2.0.0",
        "type-is": "^1.6.18"
      },
      "engines": {
        "node": ">= 10.16.0"
      },
      "funding": {
        "type": "opencollective",
        "url": "https://opencollective.com/express"
      }
    },
    "node_modules/multer/node_modules/media-typer": {
      "version": "0.3.0",
      "resolved": "https://registry.npmjs.org/media-typer/-/media-typer-0.3.0.tgz",
      "integrity": "sha512-dq+qelQ9akHpcOl/gUVRTxVIOkAJ1wR3QAvb4RsVjS8oVoFjDGTc679wJYmUmknUF5HwMLOgb5O+a3KxfWapPQ==",
      "license": "MIT",
      "engines": {
        "node": ">= 0.6"
      }
    },
    "node_modules/multer/node_modules/mime-db": {
      "version": "1.52.0",
      "resolved": "https://registry.npmjs.org/mime-db/-/mime-db-1.52.0.tgz",
      "integrity": "sha512-sPU4uV7dYlvtWJxwwxHD0PuihVNiE7TyAbQ5SWxDCB9mUYvOgroQOwYQQOKPJ8CIbE+1ETVlOoK1UC2nU3gYvg==",
      "license": "MIT",
      "engines": {
        "node": ">= 0.6"
      }
    },
    "node_modules/multer/node_mod